
Microsoft Visual Studio Solution File, Format Version 12.00
# Visual Studio 15
Project("{FAE04EC0-301F-11D3-BF4B-00C04F79EFBC}") = "Assembly-CSharp", "Assembly-CSharp.csproj", "{CAFFCA81-1CC5-4D64-A21B-85F700F5682A}"
EndProject
Global
	GlobalSection(SolutionConfigurationPlatforms) = preSolution
		Debug|Any CPU = Debug|Any CPU
		Release|Any CPU = Release|Any CPU
	EndGlobalSection
	GlobalSection(ProjectConfigurationPlatforms) = postSolution
		{CAFFCA81-1CC5-4D64-A21B-85F700F5682A}.Debug|Any CPU.ActiveCfg = Debug|Any CPU
		{CAFFCA81-1CC5-4D64-A21B-85F700F5682A}.Debug|Any CPU.Build.0 = Debug|Any CPU
		{CAFFCA81-1CC5-4D64-A21B-85F700F5682A}.Release|Any CPU.ActiveCfg = Release|Any CPU
		{CAFFCA81-1CC5-4D64-A21B-85F700F5682A}.Release|Any CPU.Build.0 = Release|Any CPU
	EndGlobalSection
	GlobalSection(SolutionProperties) = preSolution
		HideSolutionNode = FALSE
	EndGlobalSection
EndGlobal
